// !$*UTF8*$!
{
	archiveVersion = 1;
	classes = {
	};
	objectVersion = 50;
	objects = {

/* Begin PBXBuildFile section */
		FD0607CD23B9DA15006D37A1 /* Modal.storyboard in Resources */ = {isa = PBXBuildFile; fileRef = FD0607CC23B9DA15006D37A1 /* Modal.storyboard */; };
		FDB9B15023B9BE5700ED9101 /* AppDelegate.swift in Sources */ = {isa = PBXBuildFile; fileRef = FDB9B14F23B9BE5700ED9101 /* AppDelegate.swift */; };
		FDB9B15223B9BE5700ED9101 /* SceneDelegate.swift in Sources */ = {isa = PBXBuildFile; fileRef = FDB9B15123B9BE5700ED9101 /* SceneDelegate.swift */; };
		FDB9B15423B9BE5700ED9101 /* ViewController.swift in Sources */ = {isa = PBXBuildFile; fileRef = FDB9B15323B9BE5700ED9101 /* ViewController.swift */; };
		FDB9B15723B9BE5700ED9101 /* Main.storyboard in Resources */ = {isa = PBXBuildFile; fileRef = FDB9B15523B9BE5700ED9101 /* Main.storyboard */; };
		FDB9B15923B9BE5900ED9101 /* Assets.xcassets in Resources */ = {isa = PBXBuildFile; fileRef = FDB9B15823B9BE5900ED9101 /* Assets.xcassets */; };
		FDB9B15C23B9BE5900ED9101 /* LaunchScreen.storyboard in Resources */ = {isa = PBXBuildFile; fileRef = FDB9B15A23B9BE5900ED9101 /* LaunchScreen.storyboard */; };
		FDB9B16423B9C03C00ED9101 /* CustomPresentationController.swift in Sources */ = {isa = PBXBuildFile; fileRef = FDB9B16323B9C03C00ED9101 /* CustomPresentationController.swift */; };
		FDB9B16623B9D72700ED9101 /* ModalViewController.swift in Sources */ = {isa = PBXBuildFile; fileRef = FDB9B16523B9D72700ED9101 /* ModalViewController.swift */; };
/* End PBXBuildFile section */

/* Begin PBXFileReference section */
		FD0607CC23B9DA15006D37A1 /* Modal.storyboard */ = {isa = PBXFileReference; lastKnownFileType = file.storyboard; path = Modal.storyboard; sourceTree = "<group>"; };
		FDB9B14C23B9BE5700ED9101 /* UIPresentationController.app */ = {isa = PBXFileReference; explicitFileType = wrapper.application; includeInIndex = 0; path = UIPresentationController.app; sourceTree = BUILT_PRODUCTS_DIR; };
		FDB9B14F23B9BE5700ED9101 /* AppDelegate.swift */ = {isa = PBXFileReference; lastKnownFileType = sourcecode.swift; path = AppDelegate.swift; sourceTree = "<group>"; };
		FDB9B15123B9BE5700ED9101 /* SceneDelegate.swift */ = {isa = PBXFileReference; lastKnownFileType = sourcecode.swift; path = SceneDelegate.swift; sourceTree = "<group>"; };
		FDB9B15323B9BE5700ED9101 /* ViewController.swift */ = {isa = PBXFileReference; lastKnownFileType = sourcecode.swift; path = ViewController.swift; sourceTree = "<group>"; };
		FDB9B15623B9BE5700ED9101 /* Base */ = {isa = PBXFileReference; lastKnownFileType = file.storyboard; name = Base; path = Base.lproj/Main.storyboard; sourceTree = "<group>"; };
		FDB9B15823B9BE5900ED9101 /* Assets.xcassets */ = {isa = PBXFileReference; lastKnownFileType = folder.assetcatalog; path = Assets.xcassets; sourceTree = "<group>"; };
		FDB9B15B23B9BE5900ED9101 /* Base */ = {isa = PBXFileReference; lastKnownFileType = file.storyboard; name = Base; path = Base.lproj/LaunchScreen.storyboard; sourceTree = "<group>"; };
		FDB9B15D23B9BE5900ED9101 /* Info.plist */ = {isa = PBXFileReference; lastKnownFileType = text.plist.xml; path = Info.plist; sourceTree = "<group>"; };
		FDB9B16323B9C03C00ED9101 /* CustomPresentationController.swift */ = {isa = PBXFileReference; lastKnownFileType = sourcecode.swift; path = CustomPresentationController.swift; sourceTree = "<group>"; };
		FDB9B16523B9D72700ED9101 /* ModalViewController.swift */ = {isa = PBXFileReference; lastKnownFileType = sourcecode.swift; path = ModalViewController.swift; sourceTree = "<group>"; };
/* End PBXFileReference section */

/* Begin PBXFrameworksBuildPhase section */
		FDB9B14923B9BE5700ED9101 /* Frameworks */ = {
			isa = PBXFrameworksBuildPhase;
			buildActionMask = 2147483647;
			files = (
			);
			runOnlyForDeploymentPostprocessing = 0;
		};
/* End PBXFrameworksBuildPhase section */

/* Begin PBXGroup section */
		FDB9B14323B9BE5700ED9101 = {
			isa = PBXGroup;
			children = (
				FDB9B14E23B9BE5700ED9101 /* UIPresentationController */,
				FDB9B14D23B9BE5700ED9101 /* Products */,
			);
			sourceTree = "<group>";
		};
		FDB9B14D23B9BE5700ED9101 /* Products */ = {
			isa = PBXGroup;
			children = (
				FDB9B14C23B9BE5700ED9101 /* UIPresentationController.app */,
			);
			name = Products;
			sourceTree = "<group>";
		};
		FDB9B14E23B9BE5700ED9101 /* UIPresentationController */ = {
			isa = PBXGroup;
			children = (
				FDB9B14F23B9BE5700ED9101 /* AppDelegate.swift */,
				FDB9B15123B9BE5700ED9101 /* SceneDelegate.swift */,
				FDB9B15323B9BE5700ED9101 /* ViewController.swift */,
				FDB9B16323B9C03C00ED9101 /* CustomPresentationController.swift */,
				FDB9B16523B9D72700ED9101 /* ModalViewController.swift */,
				FDB9B15523B9BE5700ED9101 /* Main.storyboard */,
				FD0607CC23B9DA15006D37A1 /* Modal.storyboard */,
				FDB9B15823B9BE5900ED9101 /* Assets.xcassets */,
				FDB9B15A23B9BE5900ED9101 /* LaunchScreen.storyboard */,
				FDB9B15D23B9BE5900ED9101 /* Info.plist */,
			);
			path = UIPresentationController;
			sourceTree = "<group>";
		};
/* End PBXGroup section */

/* Begin PBXNativeTarget section */
		FDB9B14B23B9BE5700ED9101 /* UIPresentationController */ = {
			isa = PBXNativeTarget;
			buildConfigurationList = FDB9B16023B9BE5900ED9101 /* Build configuration list for PBXNativeTarget "UIPresentationController" */;
			buildPhases = (
				FDB9B14823B9BE5700ED9101 /* Sources */,
				FDB9B14923B9BE5700ED9101 /* Frameworks */,
				FDB9B14A23B9BE5700ED9101 /* Resources */,
			);
			buildRules = (
			);
			dependencies = (
			);
			name = UIPresentationController;
			productName = UIPresentationController;
			productReference = FDB9B14C23B9BE5700ED9101 /* UIPresentationController.app */;
			productType = "com.apple.product-type.application";
		};
/* End PBXNativeTarget section */

/* Begin PBXProject section */
		FDB9B14423B9BE5700ED9101 /* Project object */ = {
			isa = PBXProject;
			attributes = {
				LastSwiftUpdateCheck = 1130;
				LastUpgradeCheck = 1130;
				ORGANIZATIONNAME = "Swift-beginners";
				TargetAttributes = {
					FDB9B14B23B9BE5700ED9101 = {
						CreatedOnToolsVersion = 11.3;
					};
				};
			};
			buildConfigurationList = FDB9B14723B9BE5700ED9101 /* Build configuration list for PBXProject "UIPresentationController" */;
			compatibilityVersion = "Xcode 9.3";
			developmentRegion = en;
			hasScannedForEncodings = 0;
			knownRegions = (
				en,
				Base,
			);
			mainGroup = FDB9B14323B9BE5700ED9101;
			productRefGroup = FDB9B14D23B9BE5700ED9101 /* Products */;
			projectDirPath = "";
			projectRoot = "";
			targets = (
				FDB9B14B23B9BE5700ED9101 /* UIPresentationController */,
			);
		};
/* End PBXProject section */

/* Begin PBXResourcesBuildPhase section */
		FDB9B14A23B9BE5700ED9101 /* Resources */ = {
			isa = PBXResourcesBuildPhase;
			buildActionMask = 2147483647;
			files = (
				FD0607CD23B9DA15006D37A1 /* Modal.storyboard in Resources */,
				FDB9B15C23B9BE5900ED9101 /* LaunchScreen.storyboard in Resources */,
				FDB9B15923B9BE5900ED9101 /* Assets.xcassets in Resources */,
				FDB9B15723B9BE5700ED9101 /* Main.storyboard in Resources */,
			);
			runOnlyForDeploymentPostprocessing = 0;
		};
/* End PBXResourcesBuildPhase section */

/* Begin PBXSourcesBuildPhase section */
		FDB9B14823B9BE5700ED9101 /* Sources */ = {
			isa = PBXSourcesBuildPhase;
			buildActionMask = 2147483647;
			files = (
				FDB9B16423B9C03C00ED9101 /* CustomPresentationController.swift in Sources */,
				FDB9B15423B9BE5700ED9101 /* ViewController.swift in Sources */,
				FDB9B16623B9D72700ED9101 /* ModalViewController.swift in Sources */,
				FDB9B15023B9BE5700ED9101 /* AppDelegate.swift in Sources */,
				FDB9B15223B9BE5700ED9101 /* SceneDelegate.swift in Sources */,
			);
			runOnlyForDeploymentPostprocessing = 0;
		};
/* End PBXSourcesBuildPhase section */

/* Begin PBXVariantGroup section */
		FDB9B15523B9BE5700ED9101 /* Main.storyboard */ = {
			isa = PBXVariantGroup;
			children = (
				FDB9B15623B9BE5700ED9101 /* Base */,
			);
			name = Main.storyboard;
			sourceTree = "<group>";
		};
		FDB9B15A23B9BE5900ED9101 /* LaunchScreen.storyboard */ = {
			isa = PBXVariantGroup;
			children = (
				FDB9B15B23B9BE5900ED9101 /* Base */,
			);
			name = LaunchScreen.storyboard;
			sourceTree = "<group>";
		};
/* End PBXVariantGroup section */

/* Begin XCBuildConfiguration section */
		FDB9B15E23B9BE5900ED9101 /* Debug */ = {
			isa = XCBuildConfiguration;
			buildSettings = {
				ALWAYS_SEARCH_USER_PATHS = NO;
				CLANG_ANALYZER_NONNULL = YES;
				CLANG_ANALYZER_NUMBER_OBJECT_CONVERSION = YES_AGGRESSIVE;
				CLANG_CXX_LANGUAGE_STANDARD = "gnu++14";
				CLANG_CXX_LIBRARY = "libc++";
				CLANG_ENABLE_MODULES = YES;
				CLANG_ENABLE_OBJC_ARC = YES;
				CLANG_ENABLE_OBJC_WEAK = YES;
				CLANG_WARN_BLOCK_CAPTURE_AUTORELEASING = YES;
				CLANG_WARN_BOOL_CONVERSION = YES;
				CLANG_WARN_COMMA = YES;
				CLANG_WARN_CONSTANT_CONVERSION = YES;
				CLANG_WARN_DEPRECATED_OBJC_IMPLEMENTATIONS = YES;
				CLANG_WARN_DIRECT_OBJC_ISA_USAGE = YES_ERROR;
				CLANG_WARN_DOCUMENTATION_COMMENTS = YES;
				CLANG_WARN_EMPTY_BODY = YES;
				CLANG_WARN_ENUM_CONVERSION = YES;
				CLANG_WARN_INFINITE_RECURSION = YES;
				CLANG_WARN_INT_CONVERSION = YES;
				CLANG_WARN_NON_LITERAL_NULL_CONVERSION = YES;
				CLANG_WARN_OBJC_IMPLICIT_RETAIN_SELF = YES;
				CLANG_WARN_OBJC_LITERAL_CONVERSION = YES;
				CLANG_WARN_OBJC_ROOT_CLASS = YES_ERROR;
				CLANG_WARN_RANGE_LOOP_ANALYSIS = YES;
				CLANG_WARN_STRICT_PROTOTYPES = YES;
				CLANG_WARN_SUSPICIOUS_MOVE = YES;
				CLANG_WARN_UNGUARDED_AVAILABILITY = YES_AGGRESSIVE;
				CLANG_WARN_UNREACHABLE_CODE = YES;
				CLANG_WARN__DUPLICATE_METHOD_MATCH = YES;
				COPY_PHASE_STRIP = NO;
				DEBUG_INFORMATION_FORMAT = dwarf;
				ENABLE_STRICT_OBJC_MSGSEND = YES;
				ENABLE_TESTABILITY = YES;
				GCC_C_LANGUAGE_STANDARD = gnu11;
				GCC_DYNAMIC_NO_PIC = NO;
				GCC_NO_COMMON_BLOCKS = YES;
				GCC_OPTIMIZATION_LEVEL = 0;
				GCC_PREPROCESSOR_DEFINITIONS = (
					"DEBUG=1",
					"$(inherited)",
				);
				GCC_WARN_64_TO_32_BIT_CONVERSION = YES;
				GCC_WARN_ABOUT_RETURN_TYPE = YES_ERROR;
				GCC_WARN_UNDECLARED_SELECTOR = YES;
				GCC_WARN_UNINITIALIZED_AUTOS = YES_AGGRESSIVE;
				GCC_WARN_UNUSED_FUNCTION = YES;
				GCC_WARN_UNUSED_VARIABLE = YES;
				IPHONEOS_DEPLOYMENT_TARGET = 13.2;
				MTL_ENABLE_DEBUG_INFO = INCLUDE_SOURCE;
				MTL_FAST_MATH = YES;
				ONLY_ACTIVE_ARCH = YES;
				SDKROOT = iphoneos;
				SWIFT_ACTIVE_COMPILATION_CONDITIONS = DEBUG;
				SWIFT_OPTIMIZATION_LEVEL = "-Onone";
			};
			name = Debug;
		};
		FDB9B15F23B9BE5900ED9101 /* Release */ = {
			isa = XCBuildConfiguration;
			buildSettings = {
				ALWAYS_SEARCH_USER_PATHS = NO;
				CLANG_ANALYZER_NONNULL = YES;
				CLANG_ANALYZER_NUMBER_OBJECT_CONVERSION = YES_AGGRESSIVE;
				CLANG_CXX_LANGUAGE_STANDARD = "gnu++14";
				CLANG_CXX_LIBRARY = "libc++";
				CLANG_ENABLE_MODULES = YES;
				CLANG_ENABLE_OBJC_ARC = YES;
				CLANG_ENABLE_OBJC_WEAK = YES;
				CLANG_WARN_BLOCK_CAPTURE_AUTORELEASING = YES;
				CLANG_WARN_BOOL_CONVERSION = YES;
				CLANG_WARN_COMMA = YES;
				CLANG_WARN_CONSTANT_CONVERSION = YES;
				CLANG_WARN_DEPRECATED_OBJC_IMPLEMENTATIONS = YES;
				CLANG_WARN_DIRECT_OBJC_ISA_USAGE = YES_ERROR;
				CLANG_WARN_DOCUMENTATION_COMMENTS = YES;
				CLANG_WARN_EMPTY_BODY = YES;
				CLANG_WARN_ENUM_CONVERSION = YES;
				CLANG_WARN_INFINITE_RECURSION = YES;
				CLANG_WARN_INT_CONVERSION = YES;
				CLANG_WARN_NON_LITERAL_NULL_CONVERSION = YES;
				CLANG_WARN_OBJC_IMPLICIT_RETAIN_SELF = YES;
				CLANG_WARN_OBJC_LITERAL_CONVERSION = YES;
				CLANG_WARN_OBJC_ROOT_CLASS = YES_ERROR;
				CLANG_WARN_RANGE_LOOP_ANALYSIS = YES;
				CLANG_WARN_STRICT_PROTOTYPES = YES;
				CLANG_WARN_SUSPICIOUS_MOVE = YES;
				CLANG_WARN_UNGUARDED_AVAILABILITY = YES_AGGRESSIVE;
				CLANG_WARN_UNREACHABLE_CODE = YES;
				CLANG_WARN__DUPLICATE_METHOD_MATCH = YES;
				COPY_PHASE_STRIP = NO;
				DEBUG_INFORMATION_FORMAT = "dwarf-with-dsym";
				ENABLE_NS_ASSERTIONS = NO;
				ENABLE_STRICT_OBJC_MSGSEND = YES;
				GCC_C_LANGUAGE_STANDARD = gnu11;
				GCC_NO_COMMON_BLOCKS = YES;
				GCC_WARN_64_TO_32_BIT_CONVERSION = YES;
				GCC_WARN_ABOUT_RETURN_TYPE = YES_ERROR;
				GCC_WARN_UNDECLARED_SELECTOR = YES;
				GCC_WARN_UNINITIALIZED_AUTOS = YES_AGGRESSIVE;
				GCC_WARN_UNUSED_FUNCTION = YES;
				GCC_WARN_UNUSED_VARIABLE = YES;
				IPHONEOS_DEPLOYMENT_TARGET = 13.2;
				MTL_ENABLE_DEBUG_INFO = NO;
				MTL_FAST_MATH = YES;
				SDKROOT = iphoneos;
				SWIFT_COMPILATION_MODE = wholemodule;
				SWIFT_OPTIMIZATION_LEVEL = "-O";
				VALIDATE_PRODUCT = YES;
			};
			name = Release;
		};
		FDB9B16123B9BE5900ED9101 /* Debug */ = {
			isa = XCBuildConfiguration;
			buildSettings = {
				ASSETCATALOG_COMPILER_APPICON_NAME = AppIcon;
				CODE_SIGN_STYLE = Automatic;
				DEVELOPMENT_TEAM = 8DJ3WL36QU;
				INFOPLIST_FILE = UIPresentationController/Info.plist;
				LD_RUNPATH_SEARCH_PATHS = (
					"$(inherited)",
					"@executable_path/Frameworks",
				);
				PRODUCT_BUNDLE_IDENTIFIER = "Swift-beginners2.UIPresentationController";
				PRODUCT_NAME = "$(TARGET_NAME)";
				SWIFT_VERSION = 5.0;
				TARGETED_DEVICE_FAMILY = "1,2";
			};
			name = Debug;
		};
		FDB9B16223B9BE5900ED9101 /* Release */ = {
			isa = XCBuildConfiguration;
			buildSettings = {
				ASSETCATALOG_COMPILER_APPICON_NAME = AppIcon;
				CODE_SIGN_STYLE = Automatic;
				DEVELOPMENT_TEAM = 8DJ3WL36QU;
				INFOPLIST_FILE = UIPresentationController/Info.plist;
				LD_RUNPATH_SEARCH_PATHS = (
					"$(inherited)",
					"@executable_path/Frameworks",
				);
				PRODUCT_BUNDLE_IDENTIFIER = "Swift-beginners2.UIPresentationController";
				PRODUCT_NAME = "$(TARGET_NAME)";
				SWIFT_VERSION = 5.0;
				TARGETED_DEVICE_FAMILY = "1,2";
			};
			name = Release;
		};
/* End XCBuildConfiguration section */

/* Begin XCConfigurationList section */
		FDB9B14723B9BE5700ED9101 /* Build configuration list for PBXProject "UIPresentationController" */ = {
			isa = XCConfigurationList;
			buildConfigurations = (
				FDB9B15E23B9BE5900ED9101 /* Debug */,
				FDB9B15F23B9BE5900ED9101 /* Release */,
			);
			defaultConfigurationIsVisible = 0;
			defaultConfigurationName = Release;
		};
		FDB9B16023B9BE5900ED9101 /* Build configuration list for PBXNativeTarget "UIPresentationController" */ = {
			isa = XCConfigurationList;
			buildConfigurations = (
				FDB9B16123B9BE5900ED9101 /* Debug */,
				FDB9B16223B9BE5900ED9101 /* Release */,
			);
			defaultConfigurationIsVisible = 0;
			defaultConfigurationName = Release;
		};
/* End XCConfigurationList section */
	};
	rootObject = FDB9B14423B9BE5700ED9101 /* Project object */;
}
